
Microsoft Visual Studio Solution File, Format Version 12.00
# Visual Studio Version 16
VisualStudioVersion = 16.0.30503.244
MinimumVisualStudioVersion = 10.0.40219.1
Project("{8BC9CEB8-8B4A-11D0-8D11-00A0C91BC942}") = "12var_chm", "12var_chm\12var_chm.vcxproj", "{49982493-80B0-4765-B573-019078F216CB}"
EndProject
Global
	GlobalSection(SolutionConfigurationPlatforms) = preSolution
		Debug|x64 = Debug|x64
		Debug|x86 = Debug|x86
		Release|x64 = Release|x64
		Release|x86 = Release|x86
	EndGlobalSection
	GlobalSection(ProjectConfigurationPlatforms) = postSolution
		{49982493-80B0-4765-B573-019078F216CB}.Debug|x64.ActiveCfg = Debug|x64
		{49982493-80B0-4765-B573-019078F216CB}.Debug|x64.Build.0 = Debug|x64
		{49982493-80B0-4765-B573-019078F216CB}.Debug|x86.ActiveCfg = Debug|Win32
		{49982493-80B0-4765-B573-019078F216CB}.Debug|x86.Build.0 = Debug|Win32
		{49982493-80B0-4765-B573-019078F216CB}.Release|x64.ActiveCfg = Release|x64
		{49982493-80B0-4765-B573-019078F216CB}.Release|x64.Build.0 = Release|x64
		{49982493-80B0-4765-B573-019078F216CB}.Release|x86.ActiveCfg = Release|Win32
		{49982493-80B0-4765-B573-019078F216CB}.Release|x86.Build.0 = Release|Win32
	EndGlobalSection
	GlobalSection(SolutionProperties) = preSolution
		HideSolutionNode = FALSE
	EndGlobalSection
	GlobalSection(ExtensibilityGlobals) = postSolution
		SolutionGuid = {6A1B19A0-8728-4C7D-AE9B-117EB3F80104}
	EndGlobalSection
EndGlobal
